
Microsoft Visual Studio Solution File, Format Version 12.00
# Visual Studio Version 16
VisualStudioVersion = 16.0.32802.440
MinimumVisualStudioVersion = 10.0.40219.1
Project("{FAE04EC0-301F-11D3-BF4B-00C04F79EFBC}") = "Flyer.API", "Flyer-API\Flyer.API.csproj", "{2B8E199A-8F55-45E2-BBA9-3EF498AC9DFE}"
	ProjectSection(ProjectDependencies) = postProject
		{79C7E3A1-DDB4-4FDB-8827-2331C47AF1C4} = {79C7E3A1-DDB4-4FDB-8827-2331C47AF1C4}
		{B84464C7-AE26-4696-B4CD-EC37004A90EB} = {B84464C7-AE26-4696-B4CD-EC37004A90EB}
		{5F52A5DD-06FF-46A2-9F2C-C9CD87B43B88} = {5F52A5DD-06FF-46A2-9F2C-C9CD87B43B88}
	EndProjectSection
EndProject
Project("{FAE04EC0-301F-11D3-BF4B-00C04F79EFBC}") = "Flyer.Application", "Flyer.Application\Flyer.Application.csproj", "{5F52A5DD-06FF-46A2-9F2C-C9CD87B43B88}"
	ProjectSection(ProjectDependencies) = postProject
		{B84464C7-AE26-4696-B4CD-EC37004A90EB} = {B84464C7-AE26-4696-B4CD-EC37004A90EB}
	EndProjectSection
EndProject
Project("{FAE04EC0-301F-11D3-BF4B-00C04F79EFBC}") = "Flyer.Domain", "Flyer.Domain\Flyer.Domain.csproj", "{B84464C7-AE26-4696-B4CD-EC37004A90EB}"
EndProject
Project("{FAE04EC0-301F-11D3-BF4B-00C04F79EFBC}") = "Flyer.Infrastructure", "Flyer.Infrastructure\Flyer.Infrastructure.csproj", "{79C7E3A1-DDB4-4FDB-8827-2331C47AF1C4}"
	ProjectSection(ProjectDependencies) = postProject
		{B84464C7-AE26-4696-B4CD-EC37004A90EB} = {B84464C7-AE26-4696-B4CD-EC37004A90EB}
	EndProjectSection
EndProject
Global
	GlobalSection(SolutionConfigurationPlatforms) = preSolution
		Debug|Any CPU = Debug|Any CPU
		Release|Any CPU = Release|Any CPU
	EndGlobalSection
	GlobalSection(ProjectConfigurationPlatforms) = postSolution
		{2B8E199A-8F55-45E2-BBA9-3EF498AC9DFE}.Debug|Any CPU.ActiveCfg = Debug|Any CPU
		{2B8E199A-8F55-45E2-BBA9-3EF498AC9DFE}.Debug|Any CPU.Build.0 = Debug|Any CPU
		{2B8E199A-8F55-45E2-BBA9-3EF498AC9DFE}.Release|Any CPU.ActiveCfg = Release|Any CPU
		{2B8E199A-8F55-45E2-BBA9-3EF498AC9DFE}.Release|Any CPU.Build.0 = Release|Any CPU
		{5F52A5DD-06FF-46A2-9F2C-C9CD87B43B88}.Debug|Any CPU.ActiveCfg = Debug|Any CPU
		{5F52A5DD-06FF-46A2-9F2C-C9CD87B43B88}.Debug|Any CPU.Build.0 = Debug|Any CPU
		{5F52A5DD-06FF-46A2-9F2C-C9CD87B43B88}.Release|Any CPU.ActiveCfg = Release|Any CPU
		{5F52A5DD-06FF-46A2-9F2C-C9CD87B43B88}.Release|Any CPU.Build.0 = Release|Any CPU
		{B84464C7-AE26-4696-B4CD-EC37004A90EB}.Debug|Any CPU.ActiveCfg = Debug|Any CPU
		{B84464C7-AE26-4696-B4CD-EC37004A90EB}.Debug|Any CPU.Build.0 = Debug|Any CPU
		{B84464C7-AE26-4696-B4CD-EC37004A90EB}.Release|Any CPU.ActiveCfg = Release|Any CPU
		{B84464C7-AE26-4696-B4CD-EC37004A90EB}.Release|Any CPU.Build.0 = Release|Any CPU
		{79C7E3A1-DDB4-4FDB-8827-2331C47AF1C4}.Debug|Any CPU.ActiveCfg = Debug|Any CPU
		{79C7E3A1-DDB4-4FDB-8827-2331C47AF1C4}.Debug|Any CPU.Build.0 = Debug|Any CPU
		{79C7E3A1-DDB4-4FDB-8827-2331C47AF1C4}.Release|Any CPU.ActiveCfg = Release|Any CPU
		{79C7E3A1-DDB4-4FDB-8827-2331C47AF1C4}.Release|Any CPU.Build.0 = Release|Any CPU
	EndGlobalSection
	GlobalSection(SolutionProperties) = preSolution
		HideSolutionNode = FALSE
	EndGlobalSection
	GlobalSection(ExtensibilityGlobals) = postSolution
		SolutionGuid = {B276DEF0-9A07-4312-A8C8-F98FC4FDA7EC}
	EndGlobalSection
EndGlobal
